
Microsoft Visual Studio Solution File, Format Version 12.00
# Visual Studio 15
VisualStudioVersion = 15.0.28307.136
MinimumVisualStudioVersion = 10.0.40219.1
Project("{FAE04EC0-301F-11D3-BF4B-00C04F79EFBC}") = "PetProject", "PetProject\PetProject.csproj", "{8B4A1DC7-6CDC-426F-B58B-4F4493F81FDF}"
EndProject
Project("{FAE04EC0-301F-11D3-BF4B-00C04F79EFBC}") = "PetProject.BusinessLayer", "PetProject.Business\PetProject.BusinessLayer.csproj", "{D8F9102C-3164-43D4-875F-2B6D98962605}"
EndProject
Project("{FAE04EC0-301F-11D3-BF4B-00C04F79EFBC}") = "PetProject.UnitTests", "PetProject.UnitTests\PetProject.UnitTests.csproj", "{CA01D497-10BB-4963-9FE6-5E7114804648}"
EndProject
Project("{FAE04EC0-301F-11D3-BF4B-00C04F79EFBC}") = "PetProject.IntegrationTests", "PetProject.IntegrationTests\PetProject.IntegrationTests.csproj", "{F77912F9-9D66-4013-AD70-0107EF1438E6}"
EndProject
Global
	GlobalSection(SolutionConfigurationPlatforms) = preSolution
		Debug|Any CPU = Debug|Any CPU
		Release|Any CPU = Release|Any CPU
	EndGlobalSection
	GlobalSection(ProjectConfigurationPlatforms) = postSolution
		{8B4A1DC7-6CDC-426F-B58B-4F4493F81FDF}.Debug|Any CPU.ActiveCfg = Debug|Any CPU
		{8B4A1DC7-6CDC-426F-B58B-4F4493F81FDF}.Debug|Any CPU.Build.0 = Debug|Any CPU
		{8B4A1DC7-6CDC-426F-B58B-4F4493F81FDF}.Release|Any CPU.ActiveCfg = Release|Any CPU
		{8B4A1DC7-6CDC-426F-B58B-4F4493F81FDF}.Release|Any CPU.Build.0 = Release|Any CPU
		{D8F9102C-3164-43D4-875F-2B6D98962605}.Debug|Any CPU.ActiveCfg = Debug|Any CPU
		{D8F9102C-3164-43D4-875F-2B6D98962605}.Debug|Any CPU.Build.0 = Debug|Any CPU
		{D8F9102C-3164-43D4-875F-2B6D98962605}.Release|Any CPU.ActiveCfg = Release|Any CPU
		{D8F9102C-3164-43D4-875F-2B6D98962605}.Release|Any CPU.Build.0 = Release|Any CPU
		{CA01D497-10BB-4963-9FE6-5E7114804648}.Debug|Any CPU.ActiveCfg = Debug|Any CPU
		{CA01D497-10BB-4963-9FE6-5E7114804648}.Debug|Any CPU.Build.0 = Debug|Any CPU
		{CA01D497-10BB-4963-9FE6-5E7114804648}.Release|Any CPU.ActiveCfg = Release|Any CPU
		{CA01D497-10BB-4963-9FE6-5E7114804648}.Release|Any CPU.Build.0 = Release|Any CPU
		{F77912F9-9D66-4013-AD70-0107EF1438E6}.Debug|Any CPU.ActiveCfg = Debug|Any CPU
		{F77912F9-9D66-4013-AD70-0107EF1438E6}.Debug|Any CPU.Build.0 = Debug|Any CPU
		{F77912F9-9D66-4013-AD70-0107EF1438E6}.Release|Any CPU.ActiveCfg = Release|Any CPU
		{F77912F9-9D66-4013-AD70-0107EF1438E6}.Release|Any CPU.Build.0 = Release|Any CPU
	EndGlobalSection
	GlobalSection(SolutionProperties) = preSolution
		HideSolutionNode = FALSE
	EndGlobalSection
	GlobalSection(ExtensibilityGlobals) = postSolution
		SolutionGuid = {F66F12E5-F8BB-43A2-AF98-1D3ECFC48CC5}
	EndGlobalSection
EndGlobal
